
Microsoft Visual Studio Solution File, Format Version 12.00
# Visual Studio Version 17
VisualStudioVersion = 17.14.36908.2 d17.14
MinimumVisualStudioVersion = 10.0.40219.1
Project("{FAE04EC0-301F-11D3-BF4B-00C04F79EFBC}") = "reflection", "reflection\reflection.csproj", "{F58EB02C-CBA8-42AD-92DC-EDBC22E05B95}"
EndProject
Global
	GlobalSection(SolutionConfigurationPlatforms) = preSolution
		Debug|Any CPU = Debug|Any CPU
		Release|Any CPU = Release|Any CPU
	EndGlobalSection
	GlobalSection(ProjectConfigurationPlatforms) = postSolution
		{F58EB02C-CBA8-42AD-92DC-EDBC22E05B95}.Debug|Any CPU.ActiveCfg = Debug|Any CPU
		{F58EB02C-CBA8-42AD-92DC-EDBC22E05B95}.Debug|Any CPU.Build.0 = Debug|Any CPU
		{F58EB02C-CBA8-42AD-92DC-EDBC22E05B95}.Release|Any CPU.ActiveCfg = Release|Any CPU
		{F58EB02C-CBA8-42AD-92DC-EDBC22E05B95}.Release|Any CPU.Build.0 = Release|Any CPU
	EndGlobalSection
	GlobalSection(SolutionProperties) = preSolution
		HideSolutionNode = FALSE
	EndGlobalSection
	GlobalSection(ExtensibilityGlobals) = postSolution
		SolutionGuid = {14188052-28D2-47B9-BBFB-4029065AB07B}
	EndGlobalSection
EndGlobal
